
Microsoft Visual Studio Solution File, Format Version 12.00
# Visual Studio Version 16
VisualStudioVersion = 16.0.31727.386
MinimumVisualStudioVersion = 10.0.40219.1
Project("{FAE04EC0-301F-11D3-BF4B-00C04F79EFBC}") = "NFCTestApplication", "NFCTestApplication\NFCTestApplication.csproj", "{83A6965B-DA7D-46FC-9F95-950D5822CF5A}"
EndProject
Project("{FAE04EC0-301F-11D3-BF4B-00C04F79EFBC}") = "NFCLibrary", "NFCLibrary\NFCLibrary.csproj", "{BA2D76E8-6B02-46EE-9620-57549BA545B8}"
EndProject
Project("{FAE04EC0-301F-11D3-BF4B-00C04F79EFBC}") = "UnitTesting", "UnitTesting\UnitTesting.csproj", "{1BCBD700-11AC-44E7-BEA8-3EDACEF26D6F}"
EndProject
Global
	GlobalSection(SolutionConfigurationPlatforms) = preSolution
		Debug|Any CPU = Debug|Any CPU
		Release|Any CPU = Release|Any CPU
	EndGlobalSection
	GlobalSection(ProjectConfigurationPlatforms) = postSolution
		{83A6965B-DA7D-46FC-9F95-950D5822CF5A}.Debug|Any CPU.ActiveCfg = Debug|Any CPU
		{83A6965B-DA7D-46FC-9F95-950D5822CF5A}.Debug|Any CPU.Build.0 = Debug|Any CPU
		{83A6965B-DA7D-46FC-9F95-950D5822CF5A}.Release|Any CPU.ActiveCfg = Release|Any CPU
		{83A6965B-DA7D-46FC-9F95-950D5822CF5A}.Release|Any CPU.Build.0 = Release|Any CPU
		{BA2D76E8-6B02-46EE-9620-57549BA545B8}.Debug|Any CPU.ActiveCfg = Debug|Any CPU
		{BA2D76E8-6B02-46EE-9620-57549BA545B8}.Debug|Any CPU.Build.0 = Debug|Any CPU
		{BA2D76E8-6B02-46EE-9620-57549BA545B8}.Release|Any CPU.ActiveCfg = Release|Any CPU
		{BA2D76E8-6B02-46EE-9620-57549BA545B8}.Release|Any CPU.Build.0 = Release|Any CPU
		{1BCBD700-11AC-44E7-BEA8-3EDACEF26D6F}.Debug|Any CPU.ActiveCfg = Debug|Any CPU
		{1BCBD700-11AC-44E7-BEA8-3EDACEF26D6F}.Debug|Any CPU.Build.0 = Debug|Any CPU
		{1BCBD700-11AC-44E7-BEA8-3EDACEF26D6F}.Release|Any CPU.ActiveCfg = Release|Any CPU
		{1BCBD700-11AC-44E7-BEA8-3EDACEF26D6F}.Release|Any CPU.Build.0 = Release|Any CPU
	EndGlobalSection
	GlobalSection(SolutionProperties) = preSolution
		HideSolutionNode = FALSE
	EndGlobalSection
	GlobalSection(ExtensibilityGlobals) = postSolution
		SolutionGuid = {00729C56-A9FD-493B-86BF-5300E0EF6402}
	EndGlobalSection
EndGlobal
